{
  "lockfileVersion": 2,
  "configVersion": 1,
  "workspaces": {
    "": {
      "name": "agentbrowse",
      "devDependencies": {
        "@biomejs/biome": "2.5.3",
        "@opentui/core": "0.5.8",
        "@types/bun": "1.3.14",
        "bun-types": "1.3.14",
        "typescript": "5.9.3",
      },
      "peerDependencies": {
        "@opentui/core": ">=0.5.6 <0.6.0",
      },
    },
  },
  "overrides": {
    "@opentui/core": "https://github.com/possibilities/opentui/releases/download/agentbrowse-v0.5.8.2/opentui-core-0.5.8-agentbrowse.2.tgz",
    "@opentui/core-darwin-arm64": "https://github.com/possibilities/opentui/releases/download/agentbrowse-v0.5.8.2/opentui-core-darwin-arm64-0.5.8-agentbrowse.2.tgz",
  },
  "packages": {
    "@biomejs/biome": ["@biomejs/biome@2.5.3", "", { "optionalDependencies": { "@biomejs/cli-darwin-arm64": "2.5.3", "@biomejs/cli-darwin-x64": "2.5.3", "@biomejs/cli-linux-arm64": "2.5.3", "@biomejs/cli-linux-arm64-musl": "2.5.3", "@biomejs/cli-linux-x64": "2.5.3", "@biomejs/cli-linux-x64-musl": "2.5.3", "@biomejs/cli-win32-arm64": "2.5.3", "@biomejs/cli-win32-x64": "2.5.3" }, "bin": { "biome": "bin/biome" } }, "sha512-MrJswFdei9EfDwwUy2tQrPDpK0AO+RmMFvBoaaJ6ayBc3sUbHdCE+XG5N8vp+5So41ZupZJQm0roHFFhMGVD7A=="],

    "@biomejs/cli-darwin-arm64": ["@biomejs/cli-darwin-arm64@2.5.3", "", { "os": "darwin", "cpu": "arm64" }, "sha512-QhYP9muVQ0nUO5zztFuPbEwi4+94sJWVjaZds9aMi1l/KNZBiUjdiSUrGHsTaMGDXrYl+r4AS2sUKfgH3w+V3g=="],

    "@biomejs/cli-darwin-x64": ["@biomejs/cli-darwin-x64@2.5.3", "", { "os": "darwin", "cpu": "x64" }, "sha512-NC1Ss13UaW7QZX+y8j44bF7AP0jSJdBl6iRhe0MAkvaSqZy+mWg3GaXsrb+eSoHoGDBtaXWEbMVV0iVN2cZ7cQ=="],

    "@biomejs/cli-linux-arm64": ["@biomejs/cli-linux-arm64@2.5.3", "", { "os": "linux", "cpu": "arm64" }, "sha512-ksx1KWeyYW18ILL04msF/J4ZBtBDN33znYK8Z/aNv/vlBVxL9/g3mGP+omgHJKy4+KWbK87vcmmpmurfNjSgiA=="],

    "@biomejs/cli-linux-arm64-musl": ["@biomejs/cli-linux-arm64-musl@2.5.3", "", { "os": "linux", "cpu": "arm64" }, "sha512-fccix0w6xp6csCXgxeC0dU/3ecgRQal0y+cv2SP9ajNlhe7Yrk2Ug7UDe2j9AT9ZDYitkXpvUKgZjjuoYeP4Vg=="],

    "@biomejs/cli-linux-x64": ["@biomejs/cli-linux-x64@2.5.3", "", { "os": "linux", "cpu": "x64" }, "sha512-yMkJtilsgvILDcVkh187aVLTb64xYsrxYajx5kym+r1ULkO5HUOfu9AYKLGQbOVLwJtT2utNw7hhFNg+17mUYA=="],

    "@biomejs/cli-linux-x64-musl": ["@biomejs/cli-linux-x64-musl@2.5.3", "", { "os": "linux", "cpu": "x64" }, "sha512-O/yU9YKRUiHhmcjF2f38PSjseVk3G4VLWYc0G2HWpzdBVREV6G8IGWIVEFf7MFPfWIzNUIvPsEjeAZQIOgnLcQ=="],

    "@biomejs/cli-win32-arm64": ["@biomejs/cli-win32-arm64@2.5.3", "", { "os": "win32", "cpu": "arm64" }, "sha512-cX5z+GYwRcqEok0AH3KSfQGgqYd0Nomfp6Fbe1uiTtELE38hdH2k842wQ9wLNaF/JJ7r4rjJQ4VR+ce+fRmQbw=="],

    "@biomejs/cli-win32-x64": ["@biomejs/cli-win32-x64@2.5.3", "", { "os": "win32", "cpu": "x64" }, "sha512-ExSaJWi4/u6+GXCszlSKpWSjKNbDseAYqqkCznsCsZ/4uidZ/BEqsCc5/3ctlq6dfIubdIIRSVLC/PG9xPl70Q=="],

    "@opentui/core": ["@opentui/core@https://github.com/possibilities/opentui/releases/download/agentbrowse-v0.5.8.2/opentui-core-0.5.8-agentbrowse.2.tgz", { "dependencies": { "bun-ffi-structs": "0.3.1", "diff": "9.0.0", "marked": "17.0.1", "string-width": "7.2.0", "strip-ansi": "7.1.2" }, "optionalDependencies": { "@opentui/core-darwin-arm64": "0.5.8", "@opentui/core-darwin-x64": "0.5.8", "@opentui/core-linux-arm64": "0.5.8", "@opentui/core-linux-arm64-musl": "0.5.8", "@opentui/core-linux-x64": "0.5.8", "@opentui/core-linux-x64-musl": "0.5.8", "@opentui/core-win32-arm64": "0.5.8", "@opentui/core-win32-x64": "0.5.8" }, "peerDependencies": { "web-tree-sitter": "0.25.10" } }, "sha512-kKF/LdCAPr3ljIYMpD5S8+7/M5zbe4A4xtADckDeWg8zKeB7c+LDkuJPYBNe/ObeZuxkEE+1+rfH4gRQfouDvg=="],

    "@opentui/core-darwin-arm64": ["@opentui/core-darwin-arm64@https://github.com/possibilities/opentui/releases/download/agentbrowse-v0.5.8.2/opentui-core-darwin-arm64-0.5.8-agentbrowse.2.tgz", {}, "sha512-sXdQjbNUTOjzhtID7gougkUH9m4nXl2o3CE5GdN4hp/2EUP++JindUTaZ9Tg0F9i5tEGz/xEgBHR5rV4SLOJdQ=="],

    "@opentui/core-darwin-x64": ["@opentui/core-darwin-x64@0.5.8", "", { "os": "darwin", "cpu": "x64" }, "sha512-oZ/6Iz1KN+4volMFKmmvziYJhMgyyJ99LfK1S+uPRyIRqzT3CESoJ58D4h04M1g0dHeHE4PvkU1p3uQKrXiP3g=="],

    "@opentui/core-linux-arm64": ["@opentui/core-linux-arm64@0.5.8", "", { "os": "linux", "cpu": "arm64" }, "sha512-N6i/ocrsTjIq9aUQyrfJkqUo+tc4P5ZS6xz38Cm1MhtDzwBE+CrNIJdHfoJfmRLhJkYHlw6Z0ToICn8ZNj4Bpw=="],

    "@opentui/core-linux-arm64-musl": ["@opentui/core-linux-arm64-musl@0.5.8", "", { "os": "linux", "cpu": "arm64" }, "sha512-eFMB41AWODaYf8PsCx3vtTMX33tFgtSpR9tKNnUErCXlcnZ+WCRHVaJ9F6DrVNX3ir6HmgbwAmaWXvaVF+kLtg=="],

    "@opentui/core-linux-x64": ["@opentui/core-linux-x64@0.5.8", "", { "os": "linux", "cpu": "x64" }, "sha512-/2QM7/wMnML/sxchzbwgoU5tUu/7k836/kSOKMti8opjuecv1K+WWNKGXufhTNeRcXFZaba5rsCdYrf3VqnVsQ=="],

    "@opentui/core-linux-x64-musl": ["@opentui/core-linux-x64-musl@0.5.8", "", { "os": "linux", "cpu": "x64" }, "sha512-YXo+qUHYmep2uvv3ECvTeqr10aD7+lBsavYmsTLBzS5hHabbzlQ10oX/99nIRPC3Au1BMWD6d6zQP5czPx23eg=="],

    "@opentui/core-win32-arm64": ["@opentui/core-win32-arm64@0.5.8", "", { "os": "win32", "cpu": "arm64" }, "sha512-7qBdhEAlh4tLFzW7nWLPlREtNiF6NZMDMi+4uDpUlAMhRavLr6wjcIcgfhNAF/puq06DjuZlPTwaMCgB3qOuwA=="],

    "@opentui/core-win32-x64": ["@opentui/core-win32-x64@0.5.8", "", { "os": "win32", "cpu": "x64" }, "sha512-Z76YaTKnmRDSHKdKa7iTBCXBQdInQLq7UG3qIE84nvyHCDtkhYtPWOaCzDisSgXC8Y6hJt6NiFbaNjQyxPkfpQ=="],

    "@types/bun": ["@types/bun@1.3.14", "", { "dependencies": { "bun-types": "1.3.14" } }, "sha512-h1hFqFVcvAvD9j9K7ZW7vd82aSA+rTdznZa+5bwvCwqSB1jmmfLcbIWhOLx1/+boy/xmjgCs/OMUL8hRJSmnPw=="],

    "@types/node": ["@types/node@26.4.0", "", { "dependencies": { "undici-types": "~8.3.0" } }, "sha512-faiGnoIrLH/V8cibOMEAZ8pMw6oXqSukl29ra4mN8GdaB2ZewzeaLj+INpV5N+Z1eKWzY+IzaIZH2EIR6YZRNQ=="],

    "ansi-regex": ["ansi-regex@6.3.0", "", {}, "sha512-WpDfL7NO6j7tH88IDBNVdUJxDh9nmCteAVW9dsep846XdwF4naCBK+/tGLX3KJgcpgMRXCFlTM2hKGoK9FsdrQ=="],

    "bun-ffi-structs": ["bun-ffi-structs@0.3.1", "", { "peerDependencies": { "typescript": "^5" } }, "sha512-3gM7PpVWLyrwxWjcilSiGuhWanhZivvo6l0u573NziPH6f/gwk6McbaYgn7oJWov6pKGRTDbrg94W5DcJsKTtQ=="],

    "bun-types": ["bun-types@1.3.14", "", { "dependencies": { "@types/node": "*" } }, "sha512-4N0ig0fEomHt5R0KCFWjovxow98rIoRwKolrYdCcknNwMekCXRnWEUvgu5soYV8QXtVsrUD8B95MBOZGPvr6KQ=="],

    "diff": ["diff@9.0.0", "", {}, "sha512-svtcdpS8CgJyqAjEQIXdb3OjhFVVYjzGAPO8WGCmRbrml64SPw/jJD4GoE98aR7r25A0XcgrK3F02yw9R/vhQw=="],

    "emoji-regex": ["emoji-regex@10.6.0", "", {}, "sha512-toUI84YS5YmxW219erniWD0CIVOo46xGKColeNQRgOzDorgBi1v4D71/OFzgD9GO2UGKIv1C3Sp8DAn0+j5w7A=="],

    "get-east-asian-width": ["get-east-asian-width@1.6.0", "", {}, "sha512-QRbvDIbx6YklUe6RxeTeleMR0yv3cYH6PsPZHcnVn7xv7zO1BHN8r0XETu8n6Ye3Q+ahtSarc3WgtNWmehIBfA=="],

    "marked": ["marked@17.0.1", "", { "bin": { "marked": "bin/marked.js" } }, "sha512-boeBdiS0ghpWcSwoNm/jJBwdpFaMnZWRzjA6SkUMYb40SVaN1x7mmfGKp0jvexGcx+7y2La5zRZsYFZI6Qpypg=="],

    "string-width": ["string-width@7.2.0", "", { "dependencies": { "emoji-regex": "^10.3.0", "get-east-asian-width": "^1.0.0", "strip-ansi": "^7.1.0" } }, "sha512-tsaTIkKW9b4N+AEj+SVA+WhJzV7/zMhcSu78mLKWSk7cXMOSHsBKFWUs0fWwq8QyK3MgJBQRX6Gbi4kYbdvGkQ=="],

    "strip-ansi": ["strip-ansi@7.1.2", "", { "dependencies": { "ansi-regex": "^6.0.1" } }, "sha512-gmBGslpoQJtgnMAvOVqGZpEz9dyoKTCzy2nfz/n8aIFhN/jCE/rCmcxabB6jOOHV+0WNnylOxaxBQPSvcWklhA=="],

    "typescript": ["typescript@5.9.3", "", { "bin": { "tsc": "bin/tsc", "tsserver": "bin/tsserver" } }, "sha512-jl1vZzPDinLr9eUt3J/t7V6FgNEw9QjvBPdysz9KfQDD41fQrC2Y4vKQdiaUpFT4bXlb1RHhLpp8wtm6M5TgSw=="],

    "undici-types": ["undici-types@8.3.0", "", {}, "sha512-j375ScV60dom+YkPFIfTLcOiPxkN/buHz5GobjLhixFuANaNs3C9l4GmrWqejgXWJ7BbJcFYpTEUkS1Ge8bpZQ=="],

    "web-tree-sitter": ["web-tree-sitter@0.25.10", "", { "peerDependencies": { "@types/emscripten": "^1.40.0" }, "optionalPeers": ["@types/emscripten"] }, "sha512-Y09sF44/13XvgVKgO2cNDw5rGk6s26MgoZPXLESvMXeefBf7i6/73eFurre0IsTW6E14Y0ArIzhUMmjoc7xyzA=="],
  }
}
